# This file is automatically @generated by Cargo.
# It is not intended for manual editing.
version = 4

[[package]]
name = "nexus"
version = "0.0.0"

[[package]]
name = "nexus-config"
version = "0.0.0"

[[package]]
name = "nexus-core"
version = "0.0.0"

[[package]]
name = "nexus-domain"
version = "0.0.0"

[[package]]
name = "nexus-panel"
version = "0.0.0"

[[package]]
name = "nexus-protocol"
version = "0.0.0"

[[package]]
name = "nexus-storage"
version = "0.0.0"
